PODS:
  - AFNetworking (2.6.3):
    - AFNetworking/NSURLConnection (= 2.6.3)
    - AFNetworking/NSURLSession (= 2.6.3)
    - AFNetworking/Reachability (= 2.6.3)
    - AFNetworking/Security (= 2.6.3)
    - AFNetworking/Serialization (= 2.6.3)
    - AFNetworking/UIKit (= 2.6.3)
  - AFNetworking/NSURLConnection (2.6.3):
    - AFNetworking/Reachability
    - AFNetworking/Security
    - AFNetworking/Serialization
  - AFNetworking/NSURLSession (2.6.3):
    - AFNetworking/Reachability
    - AFNetworking/Security
    - AFNetworking/Serialization
  - AFNetworking/Reachability (2.6.3)
  - AFNetworking/Security (2.6.3)
  - AFNetworking/Serialization (2.6.3)
  - AFNetworking/UIKit (2.6.3):
    - AFNetworking/NSURLConnection
    - AFNetworking/NSURLSession
  - Expecta (1.0.5)
  - FMDB (2.6.2):
    - FMDB/standard (= 2.6.2)
  - FMDB/standard (2.6.2)
  - HeliumKit (0.2.0):
    - AFNetworking (~> 2.3)
    - FMDB (~> 2.3)
    - Mantle (~> 2.0)
    - MTLFMDBAdapter (~> 0.2)
    - PromiseKit/Pause (~> 0.9)
    - PromiseKit/Promise (~> 0.9)
    - PromiseKit/Until (~> 0.9)
    - PromiseKit/When (~> 0.9)
  - Mantle (2.0.7):
    - Mantle/extobjc (= 2.0.7)
  - Mantle/extobjc (2.0.7)
  - MTLFMDBAdapter (0.2.2):
    - FMDB (~> 2.3)
    - Mantle (~> 2.0)
  - PromiseKit/Pause (0.9.21):
    - PromiseKit/Promise
  - PromiseKit/Promise (0.9.21)
  - PromiseKit/Until (0.9.21):
    - PromiseKit/Promise
    - PromiseKit/When
  - PromiseKit/When (0.9.21):
    - PromiseKit/Promise
  - Specta (1.0.5)

DEPENDENCIES:
  - Expecta (~> 1.0)
  - HeliumKit (from `../`)
  - Specta (~> 1.0)

EXTERNAL SOURCES:
  HeliumKit:
    :path: "../"

SPEC CHECKSUMS:
  AFNetworking: cb8d14a848e831097108418f5d49217339d4eb60
  Expecta: e1c022fcd33910b6be89c291d2775b3fe27a89fe
  FMDB: 854a0341b4726e53276f2a8996f06f1b80f9259a
  HeliumKit: 81fc1bbcb9e9cef336fbc086ad94dafc7aa599d1
  Mantle: bc40bb061d8c2c6fb48d5083e04d928c3b7f73d9
  MTLFMDBAdapter: 8396bb1c357bd9f77649c40993a1e64dc0bada26
  PromiseKit: 9f28ddb5d13c31a9e7e3ccaacd8732972de1d847
  Specta: ac94d110b865115fe60ff2c6d7281053c6f8e8a2

PODFILE CHECKSUM: cd6580d122d2a3ecfd725f438538d6f609dbd902

COCOAPODS: 1.0.0
