PODS:
  - AFNetworking (2.4.1):
    - AFNetworking/NSURLConnection
    - AFNetworking/NSURLSession
    - AFNetworking/Reachability
    - AFNetworking/Security
    - AFNetworking/Serialization
    - AFNetworking/UIKit
  - AFNetworking/NSURLConnection (2.4.1):
    - AFNetworking/Reachability
    - AFNetworking/Security
    - AFNetworking/Serialization
  - AFNetworking/NSURLSession (2.4.1):
    - AFNetworking/Reachability
    - AFNetworking/Security
    - AFNetworking/Serialization
  - AFNetworking/Reachability (2.4.1)
  - AFNetworking/Security (2.4.1)
  - AFNetworking/Serialization (2.4.1)
  - AFNetworking/UIKit (2.4.1):
    - AFNetworking/NSURLConnection
    - AFNetworking/NSURLSession
  - Expecta (0.3.1)
  - Expecta+Snapshots (1.2.1):
    - Expecta
    - FBSnapshotTestCase
  - FBSnapshotTestCase (1.2)
  - FMDB (2.4):
    - FMDB/standard
  - FMDB/common (2.4)
  - FMDB/standard (2.4):
    - FMDB/common
  - HeliumKit (0.1.3):
    - AFNetworking (~> 2.3)
    - FMDB (~> 2.3)
    - Mantle (~> 1.5)
    - MTLFMDBAdapter (~> 0.1)
    - PromiseKit/Pause (~> 0.9)
    - PromiseKit/Promise (~> 0.9)
    - PromiseKit/Until (~> 0.9)
    - PromiseKit/When (~> 0.9)
  - Mantle (1.5.1):
    - Mantle/extobjc
  - Mantle/extobjc (1.5.1)
  - MTLFMDBAdapter (0.1.4):
    - FMDB (~> 2.3)
    - Mantle (~> 1.5)
  - PromiseKit/Pause (0.9.21):
    - PromiseKit/Promise
  - PromiseKit/Promise (0.9.21)
  - PromiseKit/Until (0.9.21):
    - PromiseKit/Promise
    - PromiseKit/When
  - PromiseKit/When (0.9.21):
    - PromiseKit/Promise
  - Specta (0.2.1)

DEPENDENCIES:
  - Expecta
  - Expecta+Snapshots
  - FBSnapshotTestCase
  - HeliumKit (from `../`)
  - Specta (~> 0.2)

EXTERNAL SOURCES:
  HeliumKit:
    :path: ../

SPEC CHECKSUMS:
  AFNetworking: 0aabc6fae66d6e5d039eeb21c315843c7aae51ab
  Expecta: 03aabd0a89d8dea843baecb19a7fd7466a69a31d
  Expecta+Snapshots: 30c28e3d8104665ee70e32df1cfc030bb37a8a6c
  FBSnapshotTestCase: 4159bdf235fdae25aa7d813f1452a4f05ad4f9cd
  FMDB: 0b2fa25e5264ef177973c0cb8c02c711107979aa
  HeliumKit: 3eac17f1a787942879ee7df58b9a35a96711bad1
  Mantle: d7c5ac734579ec751c58fecbf56189853056c58c
  MTLFMDBAdapter: 86dd931f9e0bb9ec64ee692320546a9202a8689c
  PromiseKit: 7dc63509abccf017f77fdccc4eef4bcd5762d9e5
  Specta: 9141310f46b1f68b676650ff2854e1ed0b74163a

COCOAPODS: 0.34.1
